// !$*UTF8*$!
{
	archiveVersion = 1;
	classes = {
	};
	objectVersion = 46;
	objects = {

/* Begin PBXBuildFile section */
		44E0F710284F5640E78C91DD /* Pods_Peerflix.framework in Frameworks */ = {isa = PBXBuildFile; fileRef = 4532BFF62D5CF308E6266969 /* Pods_Peerflix.framework */; };
		547C00B31C7619FB00425CD7 /* AppDelegate.swift in Sources */ = {isa = PBXBuildFile; fileRef = 547C00B21C7619FB00425CD7 /* AppDelegate.swift */; };
		547C00BA1C7619FB00425CD7 /* Assets.xcassets in Resources */ = {isa = PBXBuildFile; fileRef = 547C00B91C7619FB00425CD7 /* Assets.xcassets */; };
		547C00BD1C7619FB00425CD7 /* LaunchScreen.storyboard in Resources */ = {isa = PBXBuildFile; fileRef = 547C00BB1C7619FB00425CD7 /* LaunchScreen.storyboard */; };
		547C00C81C7619FB00425CD7 /* TorrentStreamTests.swift in Sources */ = {isa = PBXBuildFile; fileRef = 547C00C71C7619FB00425CD7 /* TorrentStreamTests.swift */; };
		548DF9571C78409C00C572E1 /* TorrentService.swift in Sources */ = {isa = PBXBuildFile; fileRef = 548DF9561C78409C00C572E1 /* TorrentService.swift */; };
		548DF95A1C78425500C572E1 /* TorrentState.swift in Sources */ = {isa = PBXBuildFile; fileRef = 548DF9591C78425500C572E1 /* TorrentState.swift */; };
		548DF95C1C78452F00C572E1 /* SearchResult.swift in Sources */ = {isa = PBXBuildFile; fileRef = 548DF95B1C78452F00C572E1 /* SearchResult.swift */; };
		548DF9641C785F2600C572E1 /* JXcore+Extension.swift in Sources */ = {isa = PBXBuildFile; fileRef = 548DF9631C785F2600C572E1 /* JXcore+Extension.swift */; };
		548DF9671C78630900C572E1 /* Alamofire+Rx.swift in Sources */ = {isa = PBXBuildFile; fileRef = 548DF9661C78630900C572E1 /* Alamofire+Rx.swift */; };
		548DF9691C78675C00C572E1 /* TorrentServiceAPI.swift in Sources */ = {isa = PBXBuildFile; fileRef = 548DF9681C78675C00C572E1 /* TorrentServiceAPI.swift */; };
		548DF96B1C786AD200C572E1 /* APIResult.swift in Sources */ = {isa = PBXBuildFile; fileRef = 548DF96A1C786AD200C572E1 /* APIResult.swift */; };
		548DF96F1C786E6400C572E1 /* SearchViewController.swift in Sources */ = {isa = PBXBuildFile; fileRef = 548DF96E1C786E6400C572E1 /* SearchViewController.swift */; };
		548DF9731C786EA000C572E1 /* SearchResultCell.swift in Sources */ = {isa = PBXBuildFile; fileRef = 548DF9721C786EA000C572E1 /* SearchResultCell.swift */; };
		548DF9751C786FC100C572E1 /* SearchViewModel.swift in Sources */ = {isa = PBXBuildFile; fileRef = 548DF9741C786FC100C572E1 /* SearchViewModel.swift */; };
		54AFA7E01E7D5AE600E33EE9 /* DynamicMobileVLCKit.framework in Frameworks */ = {isa = PBXBuildFile; fileRef = 54AFA7DF1E7D5AE600E33EE9 /* DynamicMobileVLCKit.framework */; };
		54AFA7E21E7D81B600E33EE9 /* DynamicMobileVLCKit.framework in CopyFiles */ = {isa = PBXBuildFile; fileRef = 54AFA7DF1E7D5AE600E33EE9 /* DynamicMobileVLCKit.framework */; settings = {ATTRIBUTES = (CodeSignOnCopy, RemoveHeadersOnCopy, ); }; };
		54AFA7E61E7D88B300E33EE9 /* js in Resources */ = {isa = PBXBuildFile; fileRef = 54AFA7E51E7D88B200E33EE9 /* js */; };
		54C341DF1C96DD9E00EB8C19 /* AVFoundation.framework in Frameworks */ = {isa = PBXBuildFile; fileRef = 54C341DE1C96DD9E00EB8C19 /* AVFoundation.framework */; };
		54C341E11C96DDA400EB8C19 /* CFNetwork.framework in Frameworks */ = {isa = PBXBuildFile; fileRef = 54C341E01C96DDA400EB8C19 /* CFNetwork.framework */; };
		54C341E31C96DDAA00EB8C19 /* OpenGLES.framework in Frameworks */ = {isa = PBXBuildFile; fileRef = 54C341E21C96DDAA00EB8C19 /* OpenGLES.framework */; };
		54C341E51C96DDB000EB8C19 /* CoreText.framework in Frameworks */ = {isa = PBXBuildFile; fileRef = 54C341E41C96DDAF00EB8C19 /* CoreText.framework */; };
		54C341E71C96DDBA00EB8C19 /* Security.framework in Frameworks */ = {isa = PBXBuildFile; fileRef = 54C341E61C96DDBA00EB8C19 /* Security.framework */; };
		54C341E91C96DDBF00EB8C19 /* CoreVideo.framework in Frameworks */ = {isa = PBXBuildFile; fileRef = 54C341E81C96DDBF00EB8C19 /* CoreVideo.framework */; };
		54C341EB1C96DDC400EB8C19 /* CoreMedia.framework in Frameworks */ = {isa = PBXBuildFile; fileRef = 54C341EA1C96DDC400EB8C19 /* CoreMedia.framework */; };
		54C341ED1C96DDD500EB8C19 /* AudioToolbox.framework in Frameworks */ = {isa = PBXBuildFile; fileRef = 54C341EC1C96DDD500EB8C19 /* AudioToolbox.framework */; };
		54C341EE1C96DDE900EB8C19 /* libc++.tbd in Frameworks */ = {isa = PBXBuildFile; fileRef = 54C341D61C96DD0200EB8C19 /* libc++.tbd */; };
		54C341F01C96DDF100EB8C19 /* libiconv.tbd in Frameworks */ = {isa = PBXBuildFile; fileRef = 54C341EF1C96DDF100EB8C19 /* libiconv.tbd */; };
		54C341F11C96DE4E00EB8C19 /* libopenssl.a in Frameworks */ = {isa = PBXBuildFile; fileRef = 54DF91CE1C7775AC00577EDD /* libopenssl.a */; };
		54D835C01C7A1BFA003844A5 /* NumberHelpers.swift in Sources */ = {isa = PBXBuildFile; fileRef = 54D835BF1C7A1BFA003844A5 /* NumberHelpers.swift */; };
		54DF91C11C7758B800577EDD /* JXcore.m in Sources */ = {isa = PBXBuildFile; fileRef = 54DF91C01C7758B800577EDD /* JXcore.m */; };
		54DF91D31C7775AC00577EDD /* JXCORE_LICENSE in Resources */ = {isa = PBXBuildFile; fileRef = 54DF91C61C7775AC00577EDD /* JXCORE_LICENSE */; };
		54DF91D41C7775AC00577EDD /* libcares.a in Frameworks */ = {isa = PBXBuildFile; fileRef = 54DF91C71C7775AC00577EDD /* libcares.a */; };
		54DF91D51C7775AC00577EDD /* libchrome_zlib.a in Frameworks */ = {isa = PBXBuildFile; fileRef = 54DF91C81C7775AC00577EDD /* libchrome_zlib.a */; };
		54DF91D61C7775AC00577EDD /* libhttp_parser.a in Frameworks */ = {isa = PBXBuildFile; fileRef = 54DF91C91C7775AC00577EDD /* libhttp_parser.a */; };
		54DF91D71C7775AC00577EDD /* libjx.a in Frameworks */ = {isa = PBXBuildFile; fileRef = 54DF91CA1C7775AC00577EDD /* libjx.a */; };
		54DF91D81C7775AC00577EDD /* libleveldb.a in Frameworks */ = {isa = PBXBuildFile; fileRef = 54DF91CB1C7775AC00577EDD /* libleveldb.a */; };
		54DF91D91C7775AC00577EDD /* libleveldown.a in Frameworks */ = {isa = PBXBuildFile; fileRef = 54DF91CC1C7775AC00577EDD /* libleveldown.a */; };
		54DF91DA1C7775AC00577EDD /* libmozjs.a in Frameworks */ = {isa = PBXBuildFile; fileRef = 54DF91CD1C7775AC00577EDD /* libmozjs.a */; };
		54DF91DC1C7775AC00577EDD /* libsnappy.a in Frameworks */ = {isa = PBXBuildFile; fileRef = 54DF91CF1C7775AC00577EDD /* libsnappy.a */; };
		54DF91DD1C7775AC00577EDD /* libsqlite3.a in Frameworks */ = {isa = PBXBuildFile; fileRef = 54DF91D01C7775AC00577EDD /* libsqlite3.a */; };
		54DF91DE1C7775AC00577EDD /* libuv.a in Frameworks */ = {isa = PBXBuildFile; fileRef = 54DF91D11C7775AC00577EDD /* libuv.a */; };
		54DF91DF1C7775AC00577EDD /* releaseLogs.txt in Resources */ = {isa = PBXBuildFile; fileRef = 54DF91D21C7775AC00577EDD /* releaseLogs.txt */; };
		54DF91E11C7775D200577EDD /* libstdc++.6.tbd in Frameworks */ = {isa = PBXBuildFile; fileRef = 54DF91E01C7775D200577EDD /* libstdc++.6.tbd */; };
		54E409C61C796CFA00B6704D /* Main.storyboard in Resources */ = {isa = PBXBuildFile; fileRef = 54E409C51C796CFA00B6704D /* Main.storyboard */; };
		54E409C91C796D5B00B6704D /* ServiceFactory.swift in Sources */ = {isa = PBXBuildFile; fileRef = 54E409C81C796D5B00B6704D /* ServiceFactory.swift */; };
		54E409CC1C79913900B6704D /* libz.1.tbd in Frameworks */ = {isa = PBXBuildFile; fileRef = 54E409CB1C79913900B6704D /* libz.1.tbd */; };
		54E409CE1C79916800B6704D /* VideoToolbox.framework in Frameworks */ = {isa = PBXBuildFile; fileRef = 54E409CD1C79916800B6704D /* VideoToolbox.framework */; };
		54E409D01C79918E00B6704D /* libbz2.tbd in Frameworks */ = {isa = PBXBuildFile; fileRef = 54E409CF1C79918E00B6704D /* libbz2.tbd */; };
		54E409D31C799CB900B6704D /* Segue.swift in Sources */ = {isa = PBXBuildFile; fileRef = 54E409D21C799CB900B6704D /* Segue.swift */; };
		54E409D51C799DCF00B6704D /* App.swift in Sources */ = {isa = PBXBuildFile; fileRef = 54E409D41C799DCF00B6704D /* App.swift */; };
		54E409D91C79B2F500B6704D /* NetHelper.m in Sources */ = {isa = PBXBuildFile; fileRef = 54E409D81C79B2F500B6704D /* NetHelper.m */; };
		54E409DF1C79CC8B00B6704D /* logo.png in Resources */ = {isa = PBXBuildFile; fileRef = 54E409DD1C79CC8B00B6704D /* logo.png */; };
		54E409E01C79CC8B00B6704D /* logo@2x.png in Resources */ = {isa = PBXBuildFile; fileRef = 54E409DE1C79CC8B00B6704D /* logo@2x.png */; };
		54E409E31C7A0B0800B6704D /* Wireframe.swift in Sources */ = {isa = PBXBuildFile; fileRef = 54E409E21C7A0B0800B6704D /* Wireframe.swift */; };
		54E409ED1C7A0F1700B6704D /* logo@3x.png in Resources */ = {isa = PBXBuildFile; fileRef = 54E409EC1C7A0F1700B6704D /* logo@3x.png */; };
		54F7F8D91C7896A600FB3530 /* TorrentViewController.swift in Sources */ = {isa = PBXBuildFile; fileRef = 54F7F8D81C7896A600FB3530 /* TorrentViewController.swift */; };
		54F7F8DB1C7896E400FB3530 /* TorrentViewModel.swift in Sources */ = {isa = PBXBuildFile; fileRef = 54F7F8DA1C7896E400FB3530 /* TorrentViewModel.swift */; };
		54F7F8DE1C78B25100FB3530 /* node_modules in Resources */ = {isa = PBXBuildFile; fileRef = 54F7F8DD1C78B25100FB3530 /* node_modules */; };
		54F7F90E1C78CB7A00FB3530 /* (null) in Resources */ = {isa = PBXBuildFile; };
		54F7F90F1C78CB7A00FB3530 /* (null) in Resources */ = {isa = PBXBuildFile; };
		54F7F9121C78CB8200FB3530 /* (null) in Resources */ = {isa = PBXBuildFile; };
		54F7F9131C78CB8200FB3530 /* (null) in Resources */ = {isa = PBXBuildFile; };
		54F7F9211C79508300FB3530 /* VideoPlayerController.swift in Sources */ = {isa = PBXBuildFile; fileRef = 54F7F9201C79508300FB3530 /* VideoPlayerController.swift */; };
		54F7F9241C79511F00FB3530 /* MediaControl.swift in Sources */ = {isa = PBXBuildFile; fileRef = 54F7F9231C79511F00FB3530 /* MediaControl.swift */; };
		5D5CCDA829AB6D0713C58DEF /* Pods_PeerflixTests.framework in Frameworks */ = {isa = PBXBuildFile; fileRef = A6B8BAD6DFAE40F0F8F18E92 /* Pods_PeerflixTests.framework */; };
/* End PBXBuildFile section */

/* Begin PBXContainerItemProxy section */
		547C00C41C7619FB00425CD7 /* PBXContainerItemProxy */ = {
			isa = PBXContainerItemProxy;
			containerPortal = 547C00A71C7619FB00425CD7 /* Project object */;
			proxyType = 1;
			remoteGlobalIDString = 547C00AE1C7619FB00425CD7;
			remoteInfo = TorrentStream;
		};
/* End PBXContainerItemProxy section */

/* Begin PBXCopyFilesBuildPhase section */
		54AFA7E11E7D81A800E33EE9 /* CopyFiles */ = {
			isa = PBXCopyFilesBuildPhase;
			buildActionMask = 2147483647;
			dstPath = "";
			dstSubfolderSpec = 10;
			files = (
				54AFA7E21E7D81B600E33EE9 /* DynamicMobileVLCKit.framework in CopyFiles */,
			);
			runOnlyForDeploymentPostprocessing = 0;
		};
/* End PBXCopyFilesBuildPhase section */

/* Begin PBXFileReference section */
		061D210A71824DE454BC793B /* Pods-PeerflixTests.debug.xcconfig */ = {isa = PBXFileReference; includeInIndex = 1; lastKnownFileType = text.xcconfig; name = "Pods-PeerflixTests.debug.xcconfig"; path = "Pods/Target Support Files/Pods-PeerflixTests/Pods-PeerflixTests.debug.xcconfig"; sourceTree = "<group>"; };
		21EDF83B62078A475F11BBA2 /* Pods-Peerflix.debug.xcconfig */ = {isa = PBXFileReference; includeInIndex = 1; lastKnownFileType = text.xcconfig; name = "Pods-Peerflix.debug.xcconfig"; path = "Pods/Target Support Files/Pods-Peerflix/Pods-Peerflix.debug.xcconfig"; sourceTree = "<group>"; };
		4532BFF62D5CF308E6266969 /* Pods_Peerflix.framework */ = {isa = PBXFileReference; explicitFileType = wrapper.framework; includeInIndex = 0; path = Pods_Peerflix.framework; sourceTree = BUILT_PRODUCTS_DIR; };
		547C00AF1C7619FB00425CD7 /* Peerflix.app */ = {isa = PBXFileReference; explicitFileType = wrapper.application; includeInIndex = 0; path = Peerflix.app; sourceTree = BUILT_PRODUCTS_DIR; };
		547C00B21C7619FB00425CD7 /* AppDelegate.swift */ = {isa = PBXFileReference; lastKnownFileType = sourcecode.swift; path = AppDelegate.swift; sourceTree = "<group>"; };
		547C00B91C7619FB00425CD7 /* Assets.xcassets */ = {isa = PBXFileReference; lastKnownFileType = folder.assetcatalog; path = Assets.xcassets; sourceTree = "<group>"; };
		547C00BC1C7619FB00425CD7 /* Base */ = {isa = PBXFileReference; lastKnownFileType = file.storyboard; name = Base; path = Base.lproj/LaunchScreen.storyboard; sourceTree = "<group>"; };
		547C00BE1C7619FB00425CD7 /* Info.plist */ = {isa = PBXFileReference; lastKnownFileType = text.plist.xml; path = Info.plist; sourceTree = "<group>"; };
		547C00C31C7619FB00425CD7 /* PeerflixTests.xctest */ = {isa = PBXFileReference; explicitFileType = wrapper.cfbundle; includeInIndex = 0; path = PeerflixTests.xctest; sourceTree = BUILT_PRODUCTS_DIR; };
		547C00C71C7619FB00425CD7 /* TorrentStreamTests.swift */ = {isa = PBXFileReference; lastKnownFileType = sourcecode.swift; path = TorrentStreamTests.swift; sourceTree = "<group>"; };
		547C00C91C7619FB00425CD7 /* Info.plist */ = {isa = PBXFileReference; lastKnownFileType = text.plist.xml; path = Info.plist; sourceTree = "<group>"; };
		548DF9561C78409C00C572E1 /* TorrentService.swift */ = {isa = PBXFileReference; fileEncoding = 4; lastKnownFileType = sourcecode.swift; path = TorrentService.swift; sourceTree = "<group>"; };
		548DF9591C78425500C572E1 /* TorrentState.swift */ = {isa = PBXFileReference; fileEncoding = 4; lastKnownFileType = sourcecode.swift; path = TorrentState.swift; sourceTree = "<group>"; };
		548DF95B1C78452F00C572E1 /* SearchResult.swift */ = {isa = PBXFileReference; fileEncoding = 4; lastKnownFileType = sourcecode.swift; path = SearchResult.swift; sourceTree = "<group>"; };
		548DF9631C785F2600C572E1 /* JXcore+Extension.swift */ = {isa = PBXFileReference; fileEncoding = 4; lastKnownFileType = sourcecode.swift; path = "JXcore+Extension.swift"; sourceTree = "<group>"; };
		548DF9661C78630900C572E1 /* Alamofire+Rx.swift */ = {isa = PBXFileReference; fileEncoding = 4; lastKnownFileType = sourcecode.swift; path = "Alamofire+Rx.swift"; sourceTree = "<group>"; };
		548DF9681C78675C00C572E1 /* TorrentServiceAPI.swift */ = {isa = PBXFileReference; fileEncoding = 4; lastKnownFileType = sourcecode.swift; path = TorrentServiceAPI.swift; sourceTree = "<group>"; };
		548DF96A1C786AD200C572E1 /* APIResult.swift */ = {isa = PBXFileReference; fileEncoding = 4; lastKnownFileType = sourcecode.swift; path = APIResult.swift; sourceTree = "<group>"; };
		548DF96E1C786E6400C572E1 /* SearchViewController.swift */ = {isa = PBXFileReference; fileEncoding = 4; lastKnownFileType = sourcecode.swift; path = SearchViewController.swift; sourceTree = "<group>"; };
		548DF9721C786EA000C572E1 /* SearchResultCell.swift */ = {isa = PBXFileReference; fileEncoding = 4; lastKnownFileType = sourcecode.swift; path = SearchResultCell.swift; sourceTree = "<group>"; };
		548DF9741C786FC100C572E1 /* SearchViewModel.swift */ = {isa = PBXFileReference; fileEncoding = 4; lastKnownFileType = sourcecode.swift; path = SearchViewModel.swift; sourceTree = "<group>"; };
		54A8D04A1C795AA2009D2D85 /* Interface.playground */ = {isa = PBXFileReference; lastKnownFileType = file.playground; path = Interface.playground; sourceTree = "<group>"; };
		54AFA7DF1E7D5AE600E33EE9 /* DynamicMobileVLCKit.framework */ = {isa = PBXFileReference; lastKnownFileType = wrapper.framework; path = DynamicMobileVLCKit.framework; sourceTree = "<group>"; };
		54AFA7E51E7D88B200E33EE9 /* js */ = {isa = PBXFileReference; lastKnownFileType = folder; path = js; sourceTree = "<group>"; };
		54C341D61C96DD0200EB8C19 /* libc++.tbd */ = {isa = PBXFileReference; lastKnownFileType = "sourcecode.text-based-dylib-definition"; name = "libc++.tbd"; path = "usr/lib/libc++.tbd"; sourceTree = SDKROOT; };
		54C341DE1C96DD9E00EB8C19 /* AVFoundation.framework */ = {isa = PBXFileReference; lastKnownFileType = wrapper.framework; name = AVFoundation.framework; path = System/Library/Frameworks/AVFoundation.framework; sourceTree = SDKROOT; };
		54C341E01C96DDA400EB8C19 /* CFNetwork.framework */ = {isa = PBXFileReference; lastKnownFileType = wrapper.framework; name = CFNetwork.framework; path = System/Library/Frameworks/CFNetwork.framework; sourceTree = SDKROOT; };
		54C341E21C96DDAA00EB8C19 /* OpenGLES.framework */ = {isa = PBXFileReference; lastKnownFileType = wrapper.framework; name = OpenGLES.framework; path = System/Library/Frameworks/OpenGLES.framework; sourceTree = SDKROOT; };
		54C341E41C96DDAF00EB8C19 /* CoreText.framework */ = {isa = PBXFileReference; lastKnownFileType = wrapper.framework; name = CoreText.framework; path = System/Library/Frameworks/CoreText.framework; sourceTree = SDKROOT; };
		54C341E61C96DDBA00EB8C19 /* Security.framework */ = {isa = PBXFileReference; lastKnownFileType = wrapper.framework; name = Security.framework; path = System/Library/Frameworks/Security.framework; sourceTree = SDKROOT; };
		54C341E81C96DDBF00EB8C19 /* CoreVideo.framework */ = {isa = PBXFileReference; lastKnownFileType = wrapper.framework; name = CoreVideo.framework; path = System/Library/Frameworks/CoreVideo.framework; sourceTree = SDKROOT; };
		54C341EA1C96DDC400EB8C19 /* CoreMedia.framework */ = {isa = PBXFileReference; lastKnownFileType = wrapper.framework; name = CoreMedia.framework; path = System/Library/Frameworks/CoreMedia.framework; sourceTree = SDKROOT; };
		54C341EC1C96DDD500EB8C19 /* AudioToolbox.framework */ = {isa = PBXFileReference; lastKnownFileType = wrapper.framework; name = AudioToolbox.framework; path = System/Library/Frameworks/AudioToolbox.framework; sourceTree = SDKROOT; };
		54C341EF1C96DDF100EB8C19 /* libiconv.tbd */ = {isa = PBXFileReference; lastKnownFileType = "sourcecode.text-based-dylib-definition"; name = libiconv.tbd; path = usr/lib/libiconv.tbd; sourceTree = SDKROOT; };
		54D835BF1C7A1BFA003844A5 /* NumberHelpers.swift */ = {isa = PBXFileReference; fileEncoding = 4; lastKnownFileType = sourcecode.swift; path = NumberHelpers.swift; sourceTree = "<group>"; };
		54DF91BF1C7758B800577EDD /* JXcore.h */ = {isa = PBXFileReference; fileEncoding = 4; lastKnownFileType = sourcecode.c.h; path = JXcore.h; sourceTree = "<group>"; };
		54DF91C01C7758B800577EDD /* JXcore.m */ = {isa = PBXFileReference; fileEncoding = 4; lastKnownFileType = sourcecode.c.objc; path = JXcore.m; sourceTree = "<group>"; };
		54DF91C41C7775AC00577EDD /* jx.h */ = {isa = PBXFileReference; fileEncoding = 4; lastKnownFileType = sourcecode.c.h; path = jx.h; sourceTree = "<group>"; };
		54DF91C51C7775AC00577EDD /* jx_result.h */ = {isa = PBXFileReference; fileEncoding = 4; lastKnownFileType = sourcecode.c.h; path = jx_result.h; sourceTree = "<group>"; };
		54DF91C61C7775AC00577EDD /* JXCORE_LICENSE */ = {isa = PBXFileReference; fileEncoding = 4; lastKnownFileType = text; path = JXCORE_LICENSE; sourceTree = "<group>"; };
		54DF91C71C7775AC00577EDD /* libcares.a */ = {isa = PBXFileReference; lastKnownFileType = archive.ar; path = libcares.a; sourceTree = "<group>"; };
		54DF91C81C7775AC00577EDD /* libchrome_zlib.a */ = {isa = PBXFileReference; lastKnownFileType = archive.ar; path = libchrome_zlib.a; sourceTree = "<group>"; };
		54DF91C91C7775AC00577EDD /* libhttp_parser.a */ = {isa = PBXFileReference; lastKnownFileType = archive.ar; path = libhttp_parser.a; sourceTree = "<group>"; };
		54DF91CA1C7775AC00577EDD /* libjx.a */ = {isa = PBXFileReference; lastKnownFileType = archive.ar; path = libjx.a; sourceTree = "<group>"; };
		54DF91CB1C7775AC00577EDD /* libleveldb.a */ = {isa = PBXFileReference; lastKnownFileType = archive.ar; path = libleveldb.a; sourceTree = "<group>"; };
		54DF91CC1C7775AC00577EDD /* libleveldown.a */ = {isa = PBXFileReference; lastKnownFileType = archive.ar; path = libleveldown.a; sourceTree = "<group>"; };
		54DF91CD1C7775AC00577EDD /* libmozjs.a */ = {isa = PBXFileReference; lastKnownFileType = archive.ar; path = libmozjs.a; sourceTree = "<group>"; };
		54DF91CE1C7775AC00577EDD /* libopenssl.a */ = {isa = PBXFileReference; lastKnownFileType = archive.ar; path = libopenssl.a; sourceTree = "<group>"; };
		54DF91CF1C7775AC00577EDD /* libsnappy.a */ = {isa = PBXFileReference; lastKnownFileType = archive.ar; path = libsnappy.a; sourceTree = "<group>"; };
		54DF91D01C7775AC00577EDD /* libsqlite3.a */ = {isa = PBXFileReference; lastKnownFileType = archive.ar; path = libsqlite3.a; sourceTree = "<group>"; };
		54DF91D11C7775AC00577EDD /* libuv.a */ = {isa = PBXFileReference; lastKnownFileType = archive.ar; path = libuv.a; sourceTree = "<group>"; };
		54DF91D21C7775AC00577EDD /* releaseLogs.txt */ = {isa = PBXFileReference; fileEncoding = 4; lastKnownFileType = text; path = releaseLogs.txt; sourceTree = "<group>"; };
		54DF91E01C7775D200577EDD /* libstdc++.6.tbd */ = {isa = PBXFileReference; lastKnownFileType = "sourcecode.text-based-dylib-definition"; name = "libstdc++.6.tbd"; path = "usr/lib/libstdc++.6.tbd"; sourceTree = SDKROOT; };
		54DF91E71C77762B00577EDD /* Header.h */ = {isa = PBXFileReference; lastKnownFileType = sourcecode.c.h; path = Header.h; sourceTree = "<group>"; };
		54E409C51C796CFA00B6704D /* Main.storyboard */ = {isa = PBXFileReference; fileEncoding = 4; lastKnownFileType = file.storyboard; path = Main.storyboard; sourceTree = "<group>"; };
		54E409C81C796D5B00B6704D /* ServiceFactory.swift */ = {isa = PBXFileReference; fileEncoding = 4; lastKnownFileType = sourcecode.swift; path = ServiceFactory.swift; sourceTree = "<group>"; };
		54E409CB1C79913900B6704D /* libz.1.tbd */ = {isa = PBXFileReference; lastKnownFileType = "sourcecode.text-based-dylib-definition"; name = libz.1.tbd; path = usr/lib/libz.1.tbd; sourceTree = SDKROOT; };
		54E409CD1C79916800B6704D /* VideoToolbox.framework */ = {isa = PBXFileReference; lastKnownFileType = wrapper.framework; name = VideoToolbox.framework; path = System/Library/Frameworks/VideoToolbox.framework; sourceTree = SDKROOT; };
		54E409CF1C79918E00B6704D /* libbz2.tbd */ = {isa = PBXFileReference; lastKnownFileType = "sourcecode.text-based-dylib-definition"; name = libbz2.tbd; path = usr/lib/libbz2.tbd; sourceTree = SDKROOT; };
		54E409D21C799CB900B6704D /* Segue.swift */ = {isa = PBXFileReference; fileEncoding = 4; lastKnownFileType = sourcecode.swift; path = Segue.swift; sourceTree = "<group>"; };
		54E409D41C799DCF00B6704D /* App.swift */ = {isa = PBXFileReference; fileEncoding = 4; lastKnownFileType = sourcecode.swift; path = App.swift; sourceTree = "<group>"; };
		54E409D71C79B2F500B6704D /* NetHelper.h */ = {isa = PBXFileReference; fileEncoding = 4; lastKnownFileType = sourcecode.c.h; path = NetHelper.h; sourceTree = "<group>"; };
		54E409D81C79B2F500B6704D /* NetHelper.m */ = {isa = PBXFileReference; fileEncoding = 4; lastKnownFileType = sourcecode.c.objc; path = NetHelper.m; sourceTree = "<group>"; };
		54E409DD1C79CC8B00B6704D /* logo.png */ = {isa = PBXFileReference; lastKnownFileType = image.png; path = logo.png; sourceTree = "<group>"; };
		54E409DE1C79CC8B00B6704D /* logo@2x.png */ = {isa = PBXFileReference; lastKnownFileType = image.png; path = "logo@2x.png"; sourceTree = "<group>"; };
		54E409E21C7A0B0800B6704D /* Wireframe.swift */ = {isa = PBXFileReference; fileEncoding = 4; lastKnownFileType = sourcecode.swift; path = Wireframe.swift; sourceTree = "<group>"; };
		54E409EC1C7A0F1700B6704D /* logo@3x.png */ = {isa = PBXFileReference; lastKnownFileType = image.png; path = "logo@3x.png"; sourceTree = "<group>"; };
		54F7F8D81C7896A600FB3530 /* TorrentViewController.swift */ = {isa = PBXFileReference; fileEncoding = 4; lastKnownFileType = sourcecode.swift; path = TorrentViewController.swift; sourceTree = "<group>"; };
		54F7F8DA1C7896E400FB3530 /* TorrentViewModel.swift */ = {isa = PBXFileReference; fileEncoding = 4; lastKnownFileType = sourcecode.swift; path = TorrentViewModel.swift; sourceTree = "<group>"; };
		54F7F8DD1C78B25100FB3530 /* node_modules */ = {isa = PBXFileReference; lastKnownFileType = folder; path = node_modules; sourceTree = "<group>"; };
		54F7F9201C79508300FB3530 /* VideoPlayerController.swift */ = {isa = PBXFileReference; fileEncoding = 4; lastKnownFileType = sourcecode.swift; path = VideoPlayerController.swift; sourceTree = "<group>"; };
		54F7F9231C79511F00FB3530 /* MediaControl.swift */ = {isa = PBXFileReference; fileEncoding = 4; lastKnownFileType = sourcecode.swift; path = MediaControl.swift; sourceTree = "<group>"; };
		8D00D5B120D269DAB5D1CE5B /* Pods-Peerflix.release.xcconfig */ = {isa = PBXFileReference; includeInIndex = 1; lastKnownFileType = text.xcconfig; name = "Pods-Peerflix.release.xcconfig"; path = "Pods/Target Support Files/Pods-Peerflix/Pods-Peerflix.release.xcconfig"; sourceTree = "<group>"; };
		900F79EACFE5D946C87536F2 /* Pods-PeerflixTests.release.xcconfig */ = {isa = PBXFileReference; includeInIndex = 1; lastKnownFileType = text.xcconfig; name = "Pods-PeerflixTests.release.xcconfig"; path = "Pods/Target Support Files/Pods-PeerflixTests/Pods-PeerflixTests.release.xcconfig"; sourceTree = "<group>"; };
		A6B8BAD6DFAE40F0F8F18E92 /* Pods_PeerflixTests.framework */ = {isa = PBXFileReference; explicitFileType = wrapper.framework; includeInIndex = 0; path = Pods_PeerflixTests.framework; sourceTree = BUILT_PRODUCTS_DIR; };
/* End PBXFileReference section */

/* Begin PBXFrameworksBuildPhase section */
		547C00AC1C7619FB00425CD7 /* Frameworks */ = {
			isa = PBXFrameworksBuildPhase;
			buildActionMask = 2147483647;
			files = (
				54C341F01C96DDF100EB8C19 /* libiconv.tbd in Frameworks */,
				54C341EE1C96DDE900EB8C19 /* libc++.tbd in Frameworks */,
				54C341ED1C96DDD500EB8C19 /* AudioToolbox.framework in Frameworks */,
				54C341EB1C96DDC400EB8C19 /* CoreMedia.framework in Frameworks */,
				54C341E91C96DDBF00EB8C19 /* CoreVideo.framework in Frameworks */,
				54C341E71C96DDBA00EB8C19 /* Security.framework in Frameworks */,
				54C341F11C96DE4E00EB8C19 /* libopenssl.a in Frameworks */,
				54C341E51C96DDB000EB8C19 /* CoreText.framework in Frameworks */,
				54C341E31C96DDAA00EB8C19 /* OpenGLES.framework in Frameworks */,
				54C341E11C96DDA400EB8C19 /* CFNetwork.framework in Frameworks */,
				54C341DF1C96DD9E00EB8C19 /* AVFoundation.framework in Frameworks */,
				54E409D01C79918E00B6704D /* libbz2.tbd in Frameworks */,
				54E409CE1C79916800B6704D /* VideoToolbox.framework in Frameworks */,
				54E409CC1C79913900B6704D /* libz.1.tbd in Frameworks */,
				54DF91E11C7775D200577EDD /* libstdc++.6.tbd in Frameworks */,
				54DF91DE1C7775AC00577EDD /* libuv.a in Frameworks */,
				54DF91D41C7775AC00577EDD /* libcares.a in Frameworks */,
				54DF91D51C7775AC00577EDD /* libchrome_zlib.a in Frameworks */,
				54DF91D61C7775AC00577EDD /* libhttp_parser.a in Frameworks */,
				54DF91DA1C7775AC00577EDD /* libmozjs.a in Frameworks */,
				54DF91D91C7775AC00577EDD /* libleveldown.a in Frameworks */,
				54DF91D71C7775AC00577EDD /* libjx.a in Frameworks */,
				54AFA7E01E7D5AE600E33EE9 /* DynamicMobileVLCKit.framework in Frameworks */,
				54DF91DC1C7775AC00577EDD /* libsnappy.a in Frameworks */,
				54DF91DD1C7775AC00577EDD /* libsqlite3.a in Frameworks */,
				54DF91D81C7775AC00577EDD /* libleveldb.a in Frameworks */,
				44E0F710284F5640E78C91DD /* Pods_Peerflix.framework in Frameworks */,
			);
			runOnlyForDeploymentPostprocessing = 0;
		};
		547C00C01C7619FB00425CD7 /* Frameworks */ = {
			isa = PBXFrameworksBuildPhase;
			buildActionMask = 2147483647;
			files = (
				5D5CCDA829AB6D0713C58DEF /* Pods_PeerflixTests.framework in Frameworks */,
			);
			runOnlyForDeploymentPostprocessing = 0;
		};
/* End PBXFrameworksBuildPhase section */

/* Begin PBXGroup section */
		1D3C152D0B33FF848E2FD63B /* Frameworks */ = {
			isa = PBXGroup;
			children = (
				54C341EF1C96DDF100EB8C19 /* libiconv.tbd */,
				54C341EC1C96DDD500EB8C19 /* AudioToolbox.framework */,
				54C341EA1C96DDC400EB8C19 /* CoreMedia.framework */,
				54C341E81C96DDBF00EB8C19 /* CoreVideo.framework */,
				54C341E61C96DDBA00EB8C19 /* Security.framework */,
				54C341E41C96DDAF00EB8C19 /* CoreText.framework */,
				54C341E21C96DDAA00EB8C19 /* OpenGLES.framework */,
				54C341E01C96DDA400EB8C19 /* CFNetwork.framework */,
				54C341DE1C96DD9E00EB8C19 /* AVFoundation.framework */,
				54C341D61C96DD0200EB8C19 /* libc++.tbd */,
				54E409CF1C79918E00B6704D /* libbz2.tbd */,
				54E409CD1C79916800B6704D /* VideoToolbox.framework */,
				54E409CB1C79913900B6704D /* libz.1.tbd */,
				54DF91E01C7775D200577EDD /* libstdc++.6.tbd */,
				4532BFF62D5CF308E6266969 /* Pods_Peerflix.framework */,
				A6B8BAD6DFAE40F0F8F18E92 /* Pods_PeerflixTests.framework */,
			);
			name = Frameworks;
			sourceTree = "<group>";
		};
		547C00A61C7619FB00425CD7 = {
			isa = PBXGroup;
			children = (
				1D3C152D0B33FF848E2FD63B /* Frameworks */,
				547C00B11C7619FB00425CD7 /* Peerflix */,
				547C00C61C7619FB00425CD7 /* PeerflixTests */,
				547C00B01C7619FB00425CD7 /* Products */,
				54DF91C21C77759200577EDD /* vendor */,
				54AFA7E51E7D88B200E33EE9 /* js */,
				54F7F8DD1C78B25100FB3530 /* node_modules */,
				8FBB9F9DD8BB8B6AB7DAD5CB /* Pods */,
			);
			sourceTree = "<group>";
		};
		547C00B01C7619FB00425CD7 /* Products */ = {
			isa = PBXGroup;
			children = (
				547C00AF1C7619FB00425CD7 /* Peerflix.app */,
				547C00C31C7619FB00425CD7 /* PeerflixTests.xctest */,
			);
			name = Products;
			sourceTree = "<group>";
		};
		547C00B11C7619FB00425CD7 /* Peerflix */ = {
			isa = PBXGroup;
			children = (
				54E409D11C799CAF00B6704D /* Constants */,
				548DF9651C78630100C572E1 /* Extensions */,
				54E409D61C799DD200B6704D /* Helpers */,
				54DF91BE1C7758B800577EDD /* JXcore */,
				548DF9581C78424D00C572E1 /* Models */,
				54A8D04D1C795AA7009D2D85 /* Playgrounds */,
				54E409DC1C79CC8B00B6704D /* Resources */,
				548DF9541C78403F00C572E1 /* Services */,
				54E409C71C796CFE00B6704D /* Storyboards */,
				548DF96D1C786E5700C572E1 /* ViewControllers */,
				547C00B21C7619FB00425CD7 /* AppDelegate.swift */,
				547C00B91C7619FB00425CD7 /* Assets.xcassets */,
				54DF91E71C77762B00577EDD /* Header.h */,
				547C00BE1C7619FB00425CD7 /* Info.plist */,
			);
			path = Peerflix;
			sourceTree = "<group>";
		};
		547C00C61C7619FB00425CD7 /* PeerflixTests */ = {
			isa = PBXGroup;
			children = (
				547C00C91C7619FB00425CD7 /* Info.plist */,
				547C00C71C7619FB00425CD7 /* TorrentStreamTests.swift */,
			);
			path = PeerflixTests;
			sourceTree = "<group>";
		};
		548DF9541C78403F00C572E1 /* Services */ = {
			isa = PBXGroup;
			children = (
				54E409C81C796D5B00B6704D /* ServiceFactory.swift */,
				548DF9561C78409C00C572E1 /* TorrentService.swift */,
				548DF9681C78675C00C572E1 /* TorrentServiceAPI.swift */,
				54E409E21C7A0B0800B6704D /* Wireframe.swift */,
			);
			path = Services;
			sourceTree = "<group>";
		};
		548DF9581C78424D00C572E1 /* Models */ = {
			isa = PBXGroup;
			children = (
				548DF96A1C786AD200C572E1 /* APIResult.swift */,
				548DF95B1C78452F00C572E1 /* SearchResult.swift */,
				548DF9591C78425500C572E1 /* TorrentState.swift */,
			);
			path = Models;
			sourceTree = "<group>";
		};
		548DF9651C78630100C572E1 /* Extensions */ = {
			isa = PBXGroup;
			children = (
				548DF9661C78630900C572E1 /* Alamofire+Rx.swift */,
			);
			path = Extensions;
			sourceTree = "<group>";
		};
		548DF96D1C786E5700C572E1 /* ViewControllers */ = {
			isa = PBXGroup;
			children = (
				548DF9701C786E9100C572E1 /* Search */,
				54F7F8D71C78969200FB3530 /* Torrent */,
				54F7F91F1C79507600FB3530 /* Video */,
			);
			path = ViewControllers;
			sourceTree = "<group>";
		};
		548DF9701C786E9100C572E1 /* Search */ = {
			isa = PBXGroup;
			children = (
				548DF9711C786E9600C572E1 /* Views */,
				548DF96E1C786E6400C572E1 /* SearchViewController.swift */,
				548DF9741C786FC100C572E1 /* SearchViewModel.swift */,
			);
			path = Search;
			sourceTree = "<group>";
		};
		548DF9711C786E9600C572E1 /* Views */ = {
			isa = PBXGroup;
			children = (
				548DF9721C786EA000C572E1 /* SearchResultCell.swift */,
			);
			path = Views;
			sourceTree = "<group>";
		};
		54A8D04D1C795AA7009D2D85 /* Playgrounds */ = {
			isa = PBXGroup;
			children = (
				54A8D04A1C795AA2009D2D85 /* Interface.playground */,
			);
			path = Playgrounds;
			sourceTree = "<group>";
		};
		54DF91BE1C7758B800577EDD /* JXcore */ = {
			isa = PBXGroup;
			children = (
				548DF9631C785F2600C572E1 /* JXcore+Extension.swift */,
				54DF91BF1C7758B800577EDD /* JXcore.h */,
				54DF91C01C7758B800577EDD /* JXcore.m */,
			);
			path = JXcore;
			sourceTree = "<group>";
		};
		54DF91C21C77759200577EDD /* vendor */ = {
			isa = PBXGroup;
			children = (
				54AFA7DF1E7D5AE600E33EE9 /* DynamicMobileVLCKit.framework */,
				54DF91C31C7775AC00577EDD /* jxcore */,
			);
			path = vendor;
			sourceTree = "<group>";
		};
		54DF91C31C7775AC00577EDD /* jxcore */ = {
			isa = PBXGroup;
			children = (
				54DF91C61C7775AC00577EDD /* JXCORE_LICENSE */,
				54DF91C41C7775AC00577EDD /* jx.h */,
				54DF91C51C7775AC00577EDD /* jx_result.h */,
				54DF91C71C7775AC00577EDD /* libcares.a */,
				54DF91C81C7775AC00577EDD /* libchrome_zlib.a */,
				54DF91C91C7775AC00577EDD /* libhttp_parser.a */,
				54DF91CA1C7775AC00577EDD /* libjx.a */,
				54DF91CB1C7775AC00577EDD /* libleveldb.a */,
				54DF91CC1C7775AC00577EDD /* libleveldown.a */,
				54DF91CD1C7775AC00577EDD /* libmozjs.a */,
				54DF91CE1C7775AC00577EDD /* libopenssl.a */,
				54DF91CF1C7775AC00577EDD /* libsnappy.a */,
				54DF91D01C7775AC00577EDD /* libsqlite3.a */,
				54DF91D11C7775AC00577EDD /* libuv.a */,
				54DF91D21C7775AC00577EDD /* releaseLogs.txt */,
			);
			path = jxcore;
			sourceTree = "<group>";
		};
		54E409C71C796CFE00B6704D /* Storyboards */ = {
			isa = PBXGroup;
			children = (
				547C00BB1C7619FB00425CD7 /* LaunchScreen.storyboard */,
				54E409C51C796CFA00B6704D /* Main.storyboard */,
			);
			path = Storyboards;
			sourceTree = "<group>";
		};
		54E409D11C799CAF00B6704D /* Constants */ = {
			isa = PBXGroup;
			children = (
				54E409D21C799CB900B6704D /* Segue.swift */,
			);
			path = Constants;
			sourceTree = "<group>";
		};
		54E409D61C799DD200B6704D /* Helpers */ = {
			isa = PBXGroup;
			children = (
				54E409D41C799DCF00B6704D /* App.swift */,
				54E409D71C79B2F500B6704D /* NetHelper.h */,
				54E409D81C79B2F500B6704D /* NetHelper.m */,
				54D835BF1C7A1BFA003844A5 /* NumberHelpers.swift */,
			);
			path = Helpers;
			sourceTree = "<group>";
		};
		54E409DC1C79CC8B00B6704D /* Resources */ = {
			isa = PBXGroup;
			children = (
				54E409DD1C79CC8B00B6704D /* logo.png */,
				54E409DE1C79CC8B00B6704D /* logo@2x.png */,
				54E409EC1C7A0F1700B6704D /* logo@3x.png */,
			);
			path = Resources;
			sourceTree = "<group>";
		};
		54F7F8D71C78969200FB3530 /* Torrent */ = {
			isa = PBXGroup;
			children = (
				54F7F8D81C7896A600FB3530 /* TorrentViewController.swift */,
				54F7F8DA1C7896E400FB3530 /* TorrentViewModel.swift */,
			);
			path = Torrent;
			sourceTree = "<group>";
		};
		54F7F91F1C79507600FB3530 /* Video */ = {
			isa = PBXGroup;
			children = (
				54F7F9221C79510D00FB3530 /* Views */,
				54F7F9201C79508300FB3530 /* VideoPlayerController.swift */,
			);
			path = Video;
			sourceTree = "<group>";
		};
		54F7F9221C79510D00FB3530 /* Views */ = {
			isa = PBXGroup;
			children = (
				54F7F9231C79511F00FB3530 /* MediaControl.swift */,
			);
			path = Views;
			sourceTree = "<group>";
		};
		8FBB9F9DD8BB8B6AB7DAD5CB /* Pods */ = {
			isa = PBXGroup;
			children = (
				21EDF83B62078A475F11BBA2 /* Pods-Peerflix.debug.xcconfig */,
				8D00D5B120D269DAB5D1CE5B /* Pods-Peerflix.release.xcconfig */,
				061D210A71824DE454BC793B /* Pods-PeerflixTests.debug.xcconfig */,
				900F79EACFE5D946C87536F2 /* Pods-PeerflixTests.release.xcconfig */,
			);
			name = Pods;
			sourceTree = "<group>";
		};
/* End PBXGroup section */

/* Begin PBXNativeTarget section */
		547C00AE1C7619FB00425CD7 /* Peerflix */ = {
			isa = PBXNativeTarget;
			buildConfigurationList = 547C00CC1C7619FB00425CD7 /* Build configuration list for PBXNativeTarget "Peerflix" */;
			buildPhases = (
				F5F79103B63121451EBE3B3F /* [CP] Check Pods Manifest.lock */,
				547C00AB1C7619FB00425CD7 /* Sources */,
				547C00AC1C7619FB00425CD7 /* Frameworks */,
				547C00AD1C7619FB00425CD7 /* Resources */,
				8161EFD20B02C0E8866B79EF /* [CP] Embed Pods Frameworks */,
				2B55447EAFED736F3D80C6FF /* [CP] Copy Pods Resources */,
				54AFA7E11E7D81A800E33EE9 /* CopyFiles */,
			);
			buildRules = (
			);
			dependencies = (
			);
			name = Peerflix;
			productName = TorrentStream;
			productReference = 547C00AF1C7619FB00425CD7 /* Peerflix.app */;
			productType = "com.apple.product-type.application";
		};
		547C00C21C7619FB00425CD7 /* PeerflixTests */ = {
			isa = PBXNativeTarget;
			buildConfigurationList = 547C00CF1C7619FB00425CD7 /* Build configuration list for PBXNativeTarget "PeerflixTests" */;
			buildPhases = (
				F38F4E2DC8DC5ACFA3AAE0F3 /* [CP] Check Pods Manifest.lock */,
				547C00BF1C7619FB00425CD7 /* Sources */,
				547C00C01C7619FB00425CD7 /* Frameworks */,
				547C00C11C7619FB00425CD7 /* Resources */,
				003C0842E29B05CAEE0C8401 /* [CP] Embed Pods Frameworks */,
				A63CC45F19624FFD3B2F73DC /* [CP] Copy Pods Resources */,
			);
			buildRules = (
			);
			dependencies = (
				547C00C51C7619FB00425CD7 /* PBXTargetDependency */,
			);
			name = PeerflixTests;
			productName = TorrentStreamTests;
			productReference = 547C00C31C7619FB00425CD7 /* PeerflixTests.xctest */;
			productType = "com.apple.product-type.bundle.unit-test";
		};
/* End PBXNativeTarget section */

/* Begin PBXProject section */
		547C00A71C7619FB00425CD7 /* Project object */ = {
			isa = PBXProject;
			attributes = {
				LastSwiftUpdateCheck = 0720;
				LastUpgradeCheck = 0720;
				ORGANIZATIONNAME = "Ignition Soft";
				TargetAttributes = {
					547C00AE1C7619FB00425CD7 = {
						CreatedOnToolsVersion = 7.2.1;
						LastSwiftMigration = 0820;
					};
					547C00C21C7619FB00425CD7 = {
						CreatedOnToolsVersion = 7.2.1;
						TestTargetID = 547C00AE1C7619FB00425CD7;
					};
				};
			};
			buildConfigurationList = 547C00AA1C7619FB00425CD7 /* Build configuration list for PBXProject "Peerflix" */;
			compatibilityVersion = "Xcode 3.2";
			developmentRegion = English;
			hasScannedForEncodings = 0;
			knownRegions = (
				en,
				Base,
			);
			mainGroup = 547C00A61C7619FB00425CD7;
			productRefGroup = 547C00B01C7619FB00425CD7 /* Products */;
			projectDirPath = "";
			projectRoot = "";
			targets = (
				547C00AE1C7619FB00425CD7 /* Peerflix */,
				547C00C21C7619FB00425CD7 /* PeerflixTests */,
			);
		};
/* End PBXProject section */

/* Begin PBXResourcesBuildPhase section */
		547C00AD1C7619FB00425CD7 /* Resources */ = {
			isa = PBXResourcesBuildPhase;
			buildActionMask = 2147483647;
			files = (
				54F7F9131C78CB8200FB3530 /* (null) in Resources */,
				54E409E01C79CC8B00B6704D /* logo@2x.png in Resources */,
				54F7F9121C78CB8200FB3530 /* (null) in Resources */,
				547C00BD1C7619FB00425CD7 /* LaunchScreen.storyboard in Resources */,
				54E409ED1C7A0F1700B6704D /* logo@3x.png in Resources */,
				547C00BA1C7619FB00425CD7 /* Assets.xcassets in Resources */,
				54E409C61C796CFA00B6704D /* Main.storyboard in Resources */,
				54F7F8DE1C78B25100FB3530 /* node_modules in Resources */,
				54DF91D31C7775AC00577EDD /* JXCORE_LICENSE in Resources */,
				54E409DF1C79CC8B00B6704D /* logo.png in Resources */,
				54AFA7E61E7D88B300E33EE9 /* js in Resources */,
				54DF91DF1C7775AC00577EDD /* releaseLogs.txt in Resources */,
				54F7F90F1C78CB7A00FB3530 /* (null) in Resources */,
				54F7F90E1C78CB7A00FB3530 /* (null) in Resources */,
			);
			runOnlyForDeploymentPostprocessing = 0;
		};
		547C00C11C7619FB00425CD7 /* Resources */ = {
			isa = PBXResourcesBuildPhase;
			buildActionMask = 2147483647;
			files = (
			);
			runOnlyForDeploymentPostprocessing = 0;
		};
/* End PBXResourcesBuildPhase section */

/* Begin PBXShellScriptBuildPhase section */
		003C0842E29B05CAEE0C8401 /* [CP] Embed Pods Frameworks */ = {
			isa = PBXShellScriptBuildPhase;
			buildActionMask = 2147483647;
			files = (
			);
			inputPaths = (
			);
			name = "[CP] Embed Pods Frameworks";
			outputPaths = (
			);
			runOnlyForDeploymentPostprocessing = 0;
			shellPath = /bin/sh;
			shellScript = "\"${SRCROOT}/Pods/Target Support Files/Pods-PeerflixTests/Pods-PeerflixTests-frameworks.sh\"\n";
			showEnvVarsInLog = 0;
		};
		2B55447EAFED736F3D80C6FF /* [CP] Copy Pods Resources */ = {
			isa = PBXShellScriptBuildPhase;
			buildActionMask = 2147483647;
			files = (
			);
			inputPaths = (
			);
			name = "[CP] Copy Pods Resources";
			outputPaths = (
			);
			runOnlyForDeploymentPostprocessing = 0;
			shellPath = /bin/sh;
			shellScript = "\"${SRCROOT}/Pods/Target Support Files/Pods-Peerflix/Pods-Peerflix-resources.sh\"\n";
			showEnvVarsInLog = 0;
		};
		8161EFD20B02C0E8866B79EF /* [CP] Embed Pods Frameworks */ = {
			isa = PBXShellScriptBuildPhase;
			buildActionMask = 2147483647;
			files = (
			);
			inputPaths = (
			);
			name = "[CP] Embed Pods Frameworks";
			outputPaths = (
			);
			runOnlyForDeploymentPostprocessing = 0;
			shellPath = /bin/sh;
			shellScript = "\"${SRCROOT}/Pods/Target Support Files/Pods-Peerflix/Pods-Peerflix-frameworks.sh\"\n";
			showEnvVarsInLog = 0;
		};
		A63CC45F19624FFD3B2F73DC /* [CP] Copy Pods Resources */ = {
			isa = PBXShellScriptBuildPhase;
			buildActionMask = 2147483647;
			files = (
			);
			inputPaths = (
			);
			name = "[CP] Copy Pods Resources";
			outputPaths = (
			);
			runOnlyForDeploymentPostprocessing = 0;
			shellPath = /bin/sh;
			shellScript = "\"${SRCROOT}/Pods/Target Support Files/Pods-PeerflixTests/Pods-PeerflixTests-resources.sh\"\n";
			showEnvVarsInLog = 0;
		};
		F38F4E2DC8DC5ACFA3AAE0F3 /* [CP] Check Pods Manifest.lock */ = {
			isa = PBXShellScriptBuildPhase;
			buildActionMask = 2147483647;
			files = (
			);
			inputPaths = (
			);
			name = "[CP] Check Pods Manifest.lock";
			outputPaths = (
			);
			runOnlyForDeploymentPostprocessing = 0;
			shellPath = /bin/sh;
			shellScript = "diff \"${PODS_ROOT}/../Podfile.lock\" \"${PODS_ROOT}/Manifest.lock\" > /dev/null\nif [ $? != 0 ] ; then\n    # print error to STDERR\n    echo \"error: The sandbox is not in sync with the Podfile.lock. Run 'pod install' or update your CocoaPods installation.\" >&2\n    exit 1\nfi\n";
			showEnvVarsInLog = 0;
		};
		F5F79103B63121451EBE3B3F /* [CP] Check Pods Manifest.lock */ = {
			isa = PBXShellScriptBuildPhase;
			buildActionMask = 2147483647;
			files = (
			);
			inputPaths = (
			);
			name = "[CP] Check Pods Manifest.lock";
			outputPaths = (
			);
			runOnlyForDeploymentPostprocessing = 0;
			shellPath = /bin/sh;
			shellScript = "diff \"${PODS_ROOT}/../Podfile.lock\" \"${PODS_ROOT}/Manifest.lock\" > /dev/null\nif [ $? != 0 ] ; then\n    # print error to STDERR\n    echo \"error: The sandbox is not in sync with the Podfile.lock. Run 'pod install' or update your CocoaPods installation.\" >&2\n    exit 1\nfi\n";
			showEnvVarsInLog = 0;
		};
/* End PBXShellScriptBuildPhase section */

/* Begin PBXSourcesBuildPhase section */
		547C00AB1C7619FB00425CD7 /* Sources */ = {
			isa = PBXSourcesBuildPhase;
			buildActionMask = 2147483647;
			files = (
				548DF9641C785F2600C572E1 /* JXcore+Extension.swift in Sources */,
				54F7F8D91C7896A600FB3530 /* TorrentViewController.swift in Sources */,
				548DF96F1C786E6400C572E1 /* SearchViewController.swift in Sources */,
				54E409D51C799DCF00B6704D /* App.swift in Sources */,
				548DF96B1C786AD200C572E1 /* APIResult.swift in Sources */,
				548DF95A1C78425500C572E1 /* TorrentState.swift in Sources */,
				54F7F9211C79508300FB3530 /* VideoPlayerController.swift in Sources */,
				54F7F9241C79511F00FB3530 /* MediaControl.swift in Sources */,
				54E409D31C799CB900B6704D /* Segue.swift in Sources */,
				54F7F8DB1C7896E400FB3530 /* TorrentViewModel.swift in Sources */,
				54E409E31C7A0B0800B6704D /* Wireframe.swift in Sources */,
				54E409C91C796D5B00B6704D /* ServiceFactory.swift in Sources */,
				548DF9671C78630900C572E1 /* Alamofire+Rx.swift in Sources */,
				548DF9751C786FC100C572E1 /* SearchViewModel.swift in Sources */,
				54D835C01C7A1BFA003844A5 /* NumberHelpers.swift in Sources */,
				54DF91C11C7758B800577EDD /* JXcore.m in Sources */,
				548DF9571C78409C00C572E1 /* TorrentService.swift in Sources */,
				548DF95C1C78452F00C572E1 /* SearchResult.swift in Sources */,
				548DF9691C78675C00C572E1 /* TorrentServiceAPI.swift in Sources */,
				54E409D91C79B2F500B6704D /* NetHelper.m in Sources */,
				548DF9731C786EA000C572E1 /* SearchResultCell.swift in Sources */,
				547C00B31C7619FB00425CD7 /* AppDelegate.swift in Sources */,
			);
			runOnlyForDeploymentPostprocessing = 0;
		};
		547C00BF1C7619FB00425CD7 /* Sources */ = {
			isa = PBXSourcesBuildPhase;
			buildActionMask = 2147483647;
			files = (
				547C00C81C7619FB00425CD7 /* TorrentStreamTests.swift in Sources */,
			);
			runOnlyForDeploymentPostprocessing = 0;
		};
/* End PBXSourcesBuildPhase section */

/* Begin PBXTargetDependency section */
		547C00C51C7619FB00425CD7 /* PBXTargetDependency */ = {
			isa = PBXTargetDependency;
			target = 547C00AE1C7619FB00425CD7 /* Peerflix */;
			targetProxy = 547C00C41C7619FB00425CD7 /* PBXContainerItemProxy */;
		};
/* End PBXTargetDependency section */

/* Begin PBXVariantGroup section */
		547C00BB1C7619FB00425CD7 /* LaunchScreen.storyboard */ = {
			isa = PBXVariantGroup;
			children = (
				547C00BC1C7619FB00425CD7 /* Base */,
			);
			name = LaunchScreen.storyboard;
			path = .;
			sourceTree = "<group>";
		};
/* End PBXVariantGroup section */

/* Begin XCBuildConfiguration section */
		547C00CA1C7619FB00425CD7 /* Debug */ = {
			isa = XCBuildConfiguration;
			buildSettings = {
				ALWAYS_SEARCH_USER_PATHS = NO;
				CLANG_CXX_LANGUAGE_STANDARD = "gnu++0x";
				CLANG_CXX_LIBRARY = "libc++";
				CLANG_ENABLE_MODULES = YES;
				CLANG_ENABLE_OBJC_ARC = YES;
				CLANG_WARN_BOOL_CONVERSION = YES;
				CLANG_WARN_CONSTANT_CONVERSION = YES;
				CLANG_WARN_DIRECT_OBJC_ISA_USAGE = YES_ERROR;
				CLANG_WARN_EMPTY_BODY = YES;
				CLANG_WARN_ENUM_CONVERSION = YES;
				CLANG_WARN_INT_CONVERSION = YES;
				CLANG_WARN_OBJC_ROOT_CLASS = YES_ERROR;
				CLANG_WARN_UNREACHABLE_CODE = YES;
				CLANG_WARN__DUPLICATE_METHOD_MATCH = YES;
				"CODE_SIGN_IDENTITY[sdk=iphoneos*]" = "iPhone Developer";
				COPY_PHASE_STRIP = NO;
				DEBUG_INFORMATION_FORMAT = dwarf;
				ENABLE_STRICT_OBJC_MSGSEND = YES;
				ENABLE_TESTABILITY = YES;
				GCC_C_LANGUAGE_STANDARD = gnu99;
				GCC_DYNAMIC_NO_PIC = NO;
				GCC_NO_COMMON_BLOCKS = YES;
				GCC_OPTIMIZATION_LEVEL = 0;
				GCC_PREPROCESSOR_DEFINITIONS = (
					"DEBUG=1",
					"$(inherited)",
				);
				GCC_WARN_64_TO_32_BIT_CONVERSION = YES;
				GCC_WARN_ABOUT_RETURN_TYPE = YES_ERROR;
				GCC_WARN_UNDECLARED_SELECTOR = YES;
				GCC_WARN_UNINITIALIZED_AUTOS = YES_AGGRESSIVE;
				GCC_WARN_UNUSED_FUNCTION = YES;
				GCC_WARN_UNUSED_VARIABLE = YES;
				IPHONEOS_DEPLOYMENT_TARGET = 9.2;
				MTL_ENABLE_DEBUG_INFO = YES;
				ONLY_ACTIVE_ARCH = YES;
				SDKROOT = iphoneos;
				SWIFT_OPTIMIZATION_LEVEL = "-Onone";
				TARGETED_DEVICE_FAMILY = "1,2";
			};
			name = Debug;
		};
		547C00CB1C7619FB00425CD7 /* Release */ = {
			isa = XCBuildConfiguration;
			buildSettings = {
				ALWAYS_SEARCH_USER_PATHS = NO;
				CLANG_CXX_LANGUAGE_STANDARD = "gnu++0x";
				CLANG_CXX_LIBRARY = "libc++";
				CLANG_ENABLE_MODULES = YES;
				CLANG_ENABLE_OBJC_ARC = YES;
				CLANG_WARN_BOOL_CONVERSION = YES;
				CLANG_WARN_CONSTANT_CONVERSION = YES;
				CLANG_WARN_DIRECT_OBJC_ISA_USAGE = YES_ERROR;
				CLANG_WARN_EMPTY_BODY = YES;
				CLANG_WARN_ENUM_CONVERSION = YES;
				CLANG_WARN_INT_CONVERSION = YES;
				CLANG_WARN_OBJC_ROOT_CLASS = YES_ERROR;
				CLANG_WARN_UNREACHABLE_CODE = YES;
				CLANG_WARN__DUPLICATE_METHOD_MATCH = YES;
				"CODE_SIGN_IDENTITY[sdk=iphoneos*]" = "iPhone Developer";
				COPY_PHASE_STRIP = NO;
				DEBUG_INFORMATION_FORMAT = "dwarf-with-dsym";
				ENABLE_NS_ASSERTIONS = NO;
				ENABLE_STRICT_OBJC_MSGSEND = YES;
				GCC_C_LANGUAGE_STANDARD = gnu99;
				GCC_NO_COMMON_BLOCKS = YES;
				GCC_WARN_64_TO_32_BIT_CONVERSION = YES;
				GCC_WARN_ABOUT_RETURN_TYPE = YES_ERROR;
				GCC_WARN_UNDECLARED_SELECTOR = YES;
				GCC_WARN_UNINITIALIZED_AUTOS = YES_AGGRESSIVE;
				GCC_WARN_UNUSED_FUNCTION = YES;
				GCC_WARN_UNUSED_VARIABLE = YES;
				IPHONEOS_DEPLOYMENT_TARGET = 9.2;
				MTL_ENABLE_DEBUG_INFO = NO;
				SDKROOT = iphoneos;
				TARGETED_DEVICE_FAMILY = "1,2";
				VALIDATE_PRODUCT = YES;
			};
			name = Release;
		};
		547C00CD1C7619FB00425CD7 /* Debug */ = {
			isa = XCBuildConfiguration;
			baseConfigurationReference = 21EDF83B62078A475F11BBA2 /* Pods-Peerflix.debug.xcconfig */;
			buildSettings = {
				ASSETCATALOG_COMPILER_APPICON_NAME = AppIcon;
				FRAMEWORK_SEARCH_PATHS = (
					"$(inherited)",
					"$(PROJECT_DIR)/vendor/MobileVLCKit-binary",
					"$(PROJECT_DIR)/vendor",
				);
				GCC_PREFIX_HEADER = "";
				INFOPLIST_FILE = Peerflix/Info.plist;
				LD_RUNPATH_SEARCH_PATHS = "$(inherited) @executable_path/Frameworks";
				LIBRARY_SEARCH_PATHS = (
					"$(inherited)",
					"$(PROJECT_DIR)/vendor/jxcore",
				);
				PRODUCT_BUNDLE_IDENTIFIER = hk.ignition.Peerflix;
				PRODUCT_NAME = "$(TARGET_NAME)";
				SWIFT_OBJC_BRIDGING_HEADER = Peerflix/Header.h;
				SWIFT_VERSION = 3.0;
			};
			name = Debug;
		};
		547C00CE1C7619FB00425CD7 /* Release */ = {
			isa = XCBuildConfiguration;
			baseConfigurationReference = 8D00D5B120D269DAB5D1CE5B /* Pods-Peerflix.release.xcconfig */;
			buildSettings = {
				ASSETCATALOG_COMPILER_APPICON_NAME = AppIcon;
				FRAMEWORK_SEARCH_PATHS = (
					"$(inherited)",
					"$(PROJECT_DIR)/vendor/MobileVLCKit-binary",
					"$(PROJECT_DIR)/vendor",
				);
				GCC_PREFIX_HEADER = "";
				INFOPLIST_FILE = Peerflix/Info.plist;
				LD_RUNPATH_SEARCH_PATHS = "$(inherited) @executable_path/Frameworks";
				LIBRARY_SEARCH_PATHS = (
					"$(inherited)",
					"$(PROJECT_DIR)/vendor/jxcore",
				);
				PRODUCT_BUNDLE_IDENTIFIER = hk.ignition.Peerflix;
				PRODUCT_NAME = "$(TARGET_NAME)";
				SWIFT_OBJC_BRIDGING_HEADER = Peerflix/Header.h;
				SWIFT_VERSION = 3.0;
			};
			name = Release;
		};
		547C00D01C7619FB00425CD7 /* Debug */ = {
			isa = XCBuildConfiguration;
			baseConfigurationReference = 061D210A71824DE454BC793B /* Pods-PeerflixTests.debug.xcconfig */;
			buildSettings = {
				BUNDLE_LOADER = "$(TEST_HOST)";
				INFOPLIST_FILE = PeerflixTests/Info.plist;
				LD_RUNPATH_SEARCH_PATHS = "$(inherited) @executable_path/Frameworks @loader_path/Frameworks";
				PRODUCT_BUNDLE_IDENTIFIER = hk.ignition.TorrentStreamTests;
				PRODUCT_NAME = "$(TARGET_NAME)";
				TEST_HOST = "$(BUILT_PRODUCTS_DIR)/TorrentStream.app/TorrentStream";
			};
			name = Debug;
		};
		547C00D11C7619FB00425CD7 /* Release */ = {
			isa = XCBuildConfiguration;
			baseConfigurationReference = 900F79EACFE5D946C87536F2 /* Pods-PeerflixTests.release.xcconfig */;
			buildSettings = {
				BUNDLE_LOADER = "$(TEST_HOST)";
				INFOPLIST_FILE = PeerflixTests/Info.plist;
				LD_RUNPATH_SEARCH_PATHS = "$(inherited) @executable_path/Frameworks @loader_path/Frameworks";
				PRODUCT_BUNDLE_IDENTIFIER = hk.ignition.TorrentStreamTests;
				PRODUCT_NAME = "$(TARGET_NAME)";
				TEST_HOST = "$(BUILT_PRODUCTS_DIR)/TorrentStream.app/TorrentStream";
			};
			name = Release;
		};
/* End XCBuildConfiguration section */

/* Begin XCConfigurationList section */
		547C00AA1C7619FB00425CD7 /* Build configuration list for PBXProject "Peerflix" */ = {
			isa = XCConfigurationList;
			buildConfigurations = (
				547C00CA1C7619FB00425CD7 /* Debug */,
				547C00CB1C7619FB00425CD7 /* Release */,
			);
			defaultConfigurationIsVisible = 0;
			defaultConfigurationName = Release;
		};
		547C00CC1C7619FB00425CD7 /* Build configuration list for PBXNativeTarget "Peerflix" */ = {
			isa = XCConfigurationList;
			buildConfigurations = (
				547C00CD1C7619FB00425CD7 /* Debug */,
				547C00CE1C7619FB00425CD7 /* Release */,
			);
			defaultConfigurationIsVisible = 0;
			defaultConfigurationName = Release;
		};
		547C00CF1C7619FB00425CD7 /* Build configuration list for PBXNativeTarget "PeerflixTests" */ = {
			isa = XCConfigurationList;
			buildConfigurations = (
				547C00D01C7619FB00425CD7 /* Debug */,
				547C00D11C7619FB00425CD7 /* Release */,
			);
			defaultConfigurationIsVisible = 0;
			defaultConfigurationName = Release;
		};
/* End XCConfigurationList section */
	};
	rootObject = 547C00A71C7619FB00425CD7 /* Project object */;
}
